
Microsoft Visual Studio Solution File, Format Version 12.00
# Visual Studio 2012
Project("{FAE04EC0-301F-11D3-BF4B-00C04F79EFBC}") = "Rently", "Rently.csproj", "{A44C3F3B-FB39-4B71-A93A-8B8F8A6CD55C}"
EndProject
Global
	GlobalSection(SolutionConfigurationPlatforms) = preSolution
		Debug|Any CPU = Debug|Any CPU
		Release|Any CPU = Release|Any CPU
		Testing|Any CPU = Testing|Any CPU
	EndGlobalSection
	GlobalSection(ProjectConfigurationPlatforms) = postSolution
		{A44C3F3B-FB39-4B71-A93A-8B8F8A6CD55C}.Debug|Any CPU.ActiveCfg = Debug|Any CPU
		{A44C3F3B-FB39-4B71-A93A-8B8F8A6CD55C}.Debug|Any CPU.Build.0 = Debug|Any CPU
		{A44C3F3B-FB39-4B71-A93A-8B8F8A6CD55C}.Release|Any CPU.ActiveCfg = Release|Any CPU
		{A44C3F3B-FB39-4B71-A93A-8B8F8A6CD55C}.Release|Any CPU.Build.0 = Release|Any CPU
		{A44C3F3B-FB39-4B71-A93A-8B8F8A6CD55C}.Testing|Any CPU.ActiveCfg = Testing|Any CPU
		{A44C3F3B-FB39-4B71-A93A-8B8F8A6CD55C}.Testing|Any CPU.Build.0 = Testing|Any CPU
	EndGlobalSection
EndGlobal
